
Microsoft Visual Studio Solution File, Format Version 12.00
# Visual Studio 15
VisualStudioVersion = 15.0.28307.136
MinimumVisualStudioVersion = 10.0.40219.1
Project("{FAE04EC0-301F-11D3-BF4B-00C04F79EFBC}") = "NewGitWebApp", "NewGitWebApp\NewGitWebApp.csproj", "{6BC1D15C-8554-423B-A71D-0E885C9AE738}"
EndProject
Global
	GlobalSection(SolutionConfigurationPlatforms) = preSolution
		Debug|Any CPU = Debug|Any CPU
		Release|Any CPU = Release|Any CPU
	EndGlobalSection
	GlobalSection(ProjectConfigurationPlatforms) = postSolution
		{6BC1D15C-8554-423B-A71D-0E885C9AE738}.Debug|Any CPU.ActiveCfg = Debug|Any CPU
		{6BC1D15C-8554-423B-A71D-0E885C9AE738}.Debug|Any CPU.Build.0 = Debug|Any CPU
		{6BC1D15C-8554-423B-A71D-0E885C9AE738}.Release|Any CPU.ActiveCfg = Release|Any CPU
		{6BC1D15C-8554-423B-A71D-0E885C9AE738}.Release|Any CPU.Build.0 = Release|Any CPU
	EndGlobalSection
	GlobalSection(SolutionProperties) = preSolution
		HideSolutionNode = FALSE
	EndGlobalSection
	GlobalSection(ExtensibilityGlobals) = postSolution
		SolutionGuid = {3A19B021-7C5A-4029-8F8D-BF226E785F32}
	EndGlobalSection
EndGlobal
